
Microsoft Visual Studio Solution File, Format Version 12.00
# Visual Studio Version 17
VisualStudioVersion = 17.12.35707.178
MinimumVisualStudioVersion = 10.0.40219.1
Project("{FAE04EC0-301F-11D3-BF4B-00C04F79EFBC}") = "NewsByTheMood.MVC", "NewsByTheMood.MVC\NewsByTheMood.MVC.csproj", "{7ACB426F-9D88-43ED-B097-FFB2D4885FA9}"
EndProject
Project("{FAE04EC0-301F-11D3-BF4B-00C04F79EFBC}") = "NewsByTheMood.Data", "NewsByTheMood.Data\NewsByTheMood.Data.csproj", "{097CD4FA-B462-4BAC-9C05-724C8F263CCD}"
EndProject
Project("{FAE04EC0-301F-11D3-BF4B-00C04F79EFBC}") = "NewsByTheMood.Services", "NewsByTheMood.Services\NewsByTheMood.Services.csproj", "{27441A8D-C8EF-4D83-8492-FA7D593B5C1D}"
EndProject
Project("{FAE04EC0-301F-11D3-BF4B-00C04F79EFBC}") = "NewsByTheMood.Core", "NewsByTheMood.Core\NewsByTheMood.Core.csproj", "{0B7EE277-460E-4936-8353-2114939E7E44}"
EndProject
Project("{FAE04EC0-301F-11D3-BF4B-00C04F79EFBC}") = "WebScraper", "WebScraper\WebScraper.csproj", "{B65DC308-845F-D3FD-D19F-7C062B684087}"
EndProject
Project("{FAE04EC0-301F-11D3-BF4B-00C04F79EFBC}") = "NewsByTheMood.CQS", "NewsByTheMood.CQS\NewsByTheMood.CQS.csproj", "{AED1C5C1-0763-406F-A15D-A715DA1595E9}"
EndProject
Project("{FAE04EC0-301F-11D3-BF4B-00C04F79EFBC}") = "NewsByTheMood.MVC.Models", "NewsByTheMood.MVC.Models\NewsByTheMood.MVC.Models.csproj", "{68E31B0D-88ED-4010-9201-AE1A4C0253AE}"
EndProject
Project("{2150E333-8FDC-42A3-9474-1A3956D46DE8}") = "Tests", "Tests", "{02EA681E-C7D8-13C7-8484-4AC65E1B71E8}"
EndProject
Project("{FAE04EC0-301F-11D3-BF4B-00C04F79EFBC}") = "NewsByTheMood.Services.Tests", "NewsByTheMood.Services.Tests\NewsByTheMood.Services.Tests.csproj", "{3DB3C1A5-0EC7-49BF-8A80-2AE185E31543}"
EndProject
Project("{FAE04EC0-301F-11D3-BF4B-00C04F79EFBC}") = "NewsByTheMood.MVC.Identity", "NewsByTheMood.MVC.Identity\NewsByTheMood.MVC.Identity.csproj", "{AA558294-EC10-4E26-8D9C-175744716982}"
EndProject
Global
	GlobalSection(SolutionConfigurationPlatforms) = preSolution
		Debug|Any CPU = Debug|Any CPU
		Release|Any CPU = Release|Any CPU
	EndGlobalSection
	GlobalSection(ProjectConfigurationPlatforms) = postSolution
		{7ACB426F-9D88-43ED-B097-FFB2D4885FA9}.Debug|Any CPU.ActiveCfg = Debug|Any CPU
		{7ACB426F-9D88-43ED-B097-FFB2D4885FA9}.Debug|Any CPU.Build.0 = Debug|Any CPU
		{7ACB426F-9D88-43ED-B097-FFB2D4885FA9}.Release|Any CPU.ActiveCfg = Release|Any CPU
		{7ACB426F-9D88-43ED-B097-FFB2D4885FA9}.Release|Any CPU.Build.0 = Release|Any CPU
		{097CD4FA-B462-4BAC-9C05-724C8F263CCD}.Debug|Any CPU.ActiveCfg = Debug|Any CPU
		{097CD4FA-B462-4BAC-9C05-724C8F263CCD}.Debug|Any CPU.Build.0 = Debug|Any CPU
		{097CD4FA-B462-4BAC-9C05-724C8F263CCD}.Release|Any CPU.ActiveCfg = Release|Any CPU
		{097CD4FA-B462-4BAC-9C05-724C8F263CCD}.Release|Any CPU.Build.0 = Release|Any CPU
		{27441A8D-C8EF-4D83-8492-FA7D593B5C1D}.Debug|Any CPU.ActiveCfg = Debug|Any CPU
		{27441A8D-C8EF-4D83-8492-FA7D593B5C1D}.Debug|Any CPU.Build.0 = Debug|Any CPU
		{27441A8D-C8EF-4D83-8492-FA7D593B5C1D}.Release|Any CPU.ActiveCfg = Release|Any CPU
		{27441A8D-C8EF-4D83-8492-FA7D593B5C1D}.Release|Any CPU.Build.0 = Release|Any CPU
		{0B7EE277-460E-4936-8353-2114939E7E44}.Debug|Any CPU.ActiveCfg = Debug|Any CPU
		{0B7EE277-460E-4936-8353-2114939E7E44}.Debug|Any CPU.Build.0 = Debug|Any CPU
		{0B7EE277-460E-4936-8353-2114939E7E44}.Release|Any CPU.ActiveCfg = Release|Any CPU
		{0B7EE277-460E-4936-8353-2114939E7E44}.Release|Any CPU.Build.0 = Release|Any CPU
		{B65DC308-845F-D3FD-D19F-7C062B684087}.Debug|Any CPU.ActiveCfg = Debug|Any CPU
		{B65DC308-845F-D3FD-D19F-7C062B684087}.Debug|Any CPU.Build.0 = Debug|Any CPU
		{B65DC308-845F-D3FD-D19F-7C062B684087}.Release|Any CPU.ActiveCfg = Release|Any CPU
		{B65DC308-845F-D3FD-D19F-7C062B684087}.Release|Any CPU.Build.0 = Release|Any CPU
		{AED1C5C1-0763-406F-A15D-A715DA1595E9}.Debug|Any CPU.ActiveCfg = Debug|Any CPU
		{AED1C5C1-0763-406F-A15D-A715DA1595E9}.Debug|Any CPU.Build.0 = Debug|Any CPU
		{AED1C5C1-0763-406F-A15D-A715DA1595E9}.Release|Any CPU.ActiveCfg = Release|Any CPU
		{AED1C5C1-0763-406F-A15D-A715DA1595E9}.Release|Any CPU.Build.0 = Release|Any CPU
		{68E31B0D-88ED-4010-9201-AE1A4C0253AE}.Debug|Any CPU.ActiveCfg = Debug|Any CPU
		{68E31B0D-88ED-4010-9201-AE1A4C0253AE}.Debug|Any CPU.Build.0 = Debug|Any CPU
		{68E31B0D-88ED-4010-9201-AE1A4C0253AE}.Release|Any CPU.ActiveCfg = Release|Any CPU
		{68E31B0D-88ED-4010-9201-AE1A4C0253AE}.Release|Any CPU.Build.0 = Release|Any CPU
		{3DB3C1A5-0EC7-49BF-8A80-2AE185E31543}.Debug|Any CPU.ActiveCfg = Debug|Any CPU
		{3DB3C1A5-0EC7-49BF-8A80-2AE185E31543}.Debug|Any CPU.Build.0 = Debug|Any CPU
		{3DB3C1A5-0EC7-49BF-8A80-2AE185E31543}.Release|Any CPU.ActiveCfg = Release|Any CPU
		{3DB3C1A5-0EC7-49BF-8A80-2AE185E31543}.Release|Any CPU.Build.0 = Release|Any CPU
		{AA558294-EC10-4E26-8D9C-175744716982}.Debug|Any CPU.ActiveCfg = Debug|Any CPU
		{AA558294-EC10-4E26-8D9C-175744716982}.Debug|Any CPU.Build.0 = Debug|Any CPU
		{AA558294-EC10-4E26-8D9C-175744716982}.Release|Any CPU.ActiveCfg = Release|Any CPU
		{AA558294-EC10-4E26-8D9C-175744716982}.Release|Any CPU.Build.0 = Release|Any CPU
	EndGlobalSection
	GlobalSection(SolutionProperties) = preSolution
		HideSolutionNode = FALSE
	EndGlobalSection
	GlobalSection(NestedProjects) = preSolution
		{3DB3C1A5-0EC7-49BF-8A80-2AE185E31543} = {02EA681E-C7D8-13C7-8484-4AC65E1B71E8}
	EndGlobalSection
	GlobalSection(ExtensibilityGlobals) = postSolution
		SolutionGuid = {7693468A-E424-4262-B2D7-87485A9DF4AF}
	EndGlobalSection
EndGlobal
